{
    "_readme": [
        "This file locks the dependencies of your project to a known state",
        "Read more about it at https://getcomposer.org/doc/01-basic-usage.md#composer-lock-the-lock-file",
        "This file is @generated automatically"
    ],
    "content-hash": "77894af8dc5fc19213b88fe5c9c685e9",
    "packages": [
        {
            "name": "leymannx/wordpress-finder",
            "version": "0.0.3",
            "source": {
                "type": "git",
                "url": "https://github.com/leymannx/wordpress-finder.git",
                "reference": "ee7e0ee7ac280558024c6e43238d55310317e9cf"
            },
            "dist": {
                "type": "zip",
                "url": "https://api.github.com/repos/leymannx/wordpress-finder/zipball/ee7e0ee7ac280558024c6e43238d55310317e9cf",
                "reference": "ee7e0ee7ac280558024c6e43238d55310317e9cf",
                "shasum": ""
            },
            "require": {
                "ext-json": "*"
            },
            "type": "library",
            "autoload": {
                "classmap": [
                    "src/WordpressFinder.php"
                ]
            },
            "notification-url": "https://packagist.org/downloads/",
            "license": [
                "GPL-2.0+"
            ],
            "authors": [
                {
                    "name": "Norman Kämper-Leymann",
                    "email": "hello@leymannx.de"
                }
            ],
            "description": "Helper class to locate a WordPress installation from a given path.",
            "time": "2018-09-03T10:12:38+00:00"
        }
    ],
    "packages-dev": [],
    "aliases": [],
    "minimum-stability": "dev",
    "stability-flags": [],
    "prefer-stable": true,
    "prefer-lowest": false,
    "platform": [],
    "platform-dev": []
}
